
Microsoft Visual Studio Solution File, Format Version 12.00
# Visual Studio Version 17
VisualStudioVersion = 17.2.32616.157
MinimumVisualStudioVersion = 10.0.40219.1
Project("{FAE04EC0-301F-11D3-BF4B-00C04F79EFBC}") = "HIUF", "HIUF\HIUF.csproj", "{DC8D27C8-5199-434F-AF4C-D0460E1E63D9}"
EndProject
Global
	GlobalSection(SolutionConfigurationPlatforms) = preSolution
		Debug|Any CPU = Debug|Any CPU
		Release|Any CPU = Release|Any CPU
	EndGlobalSection
	GlobalSection(ProjectConfigurationPlatforms) = postSolution
		{DC8D27C8-5199-434F-AF4C-D0460E1E63D9}.Debug|Any CPU.ActiveCfg = Debug|Any CPU
		{DC8D27C8-5199-434F-AF4C-D0460E1E63D9}.Debug|Any CPU.Build.0 = Debug|Any CPU
		{DC8D27C8-5199-434F-AF4C-D0460E1E63D9}.Release|Any CPU.ActiveCfg = Release|Any CPU
		{DC8D27C8-5199-434F-AF4C-D0460E1E63D9}.Release|Any CPU.Build.0 = Release|Any CPU
	EndGlobalSection
	GlobalSection(SolutionProperties) = preSolution
		HideSolutionNode = FALSE
	EndGlobalSection
	GlobalSection(ExtensibilityGlobals) = postSolution
		SolutionGuid = {1E28155D-93F2-4DF8-AEF5-D75BD8860BDC}
	EndGlobalSection
EndGlobal
